{
  "originHash" : "bdea1b93842728f372079d674a6c6624b2f0ffafa59211f64db648d6b839f4f3",
  "pins" : [
    {
      "identity" : "snapkit",
      "kind" : "remoteSourceControl",
      "location" : "https://github.com/SnapKit/SnapKit",
      "state" : {
        "revision" : "2842e6e84e82eb9a8dac0100ca90d9444b0307f4",
        "version" : "5.7.1"
      }
    },
    {
      "identity" : "stripe-terminal-ios",
      "kind" : "remoteSourceControl",
      "location" : "https://github.com/stripe/stripe-terminal-ios",
      "state" : {
        "revision" : "3baa8280aeb36cd149f33b7f83bdbad8d33b46c3",
        "version" : "3.9.1"
      }
    }
  ],
  "version" : 3
}
